{
  "lockfileVersion": 1,
  "workspaces": {
    "": {
      "name": "@sweetss/colors",
      "dependencies": {
        "sweetss": "latest",
      },
    },
  },
  "packages": {
    "sweetss": ["sweetss@2.2.6", "", { "peerDependencies": { "typescript": "^5.7.3" } }, "sha512-ZPnkvyIA7Vh0o2b+t0bBUTAtMm9zfffCHBsbHl6JK/QU/9o6pmd9h7y8s2XvysaVBxozNvj2dZrJ9D5elJpwSA=="],

    "typescript": ["typescript@5.7.3", "", { "bin": { "tsc": "bin/tsc", "tsserver": "bin/tsserver" } }, "sha512-84MVSjMEHP+FQRPy3pX9sTVV/INIex71s9TL2Gm5FG/WG1SqXeKyZ0k7/blY/4FdOzI12CBy1vGc4og/eus0fw=="],
  }
}
