{
  "lockfileVersion": 1,
  "workspaces": {
    "": {
      "name": "@sweetss/colors",
      "dependencies": {
        "sweetss": "latest",
      },
    },
  },
  "packages": {
    "sweetss": ["sweetss@2.4.11", "", { "peerDependencies": { "typescript": "^5.7.3" } }, "sha512-oCKrXqy9I4sOj5pflPmt9mTEGszM3m9UR7RKd2/WWUrMYwtyaVP6lT9HpSsxKmFxND+LtGhAByUh7WIaV4nWzw=="],

    "typescript": ["typescript@5.7.3", "", { "bin": { "tsc": "bin/tsc", "tsserver": "bin/tsserver" } }, "sha512-84MVSjMEHP+FQRPy3pX9sTVV/INIex71s9TL2Gm5FG/WG1SqXeKyZ0k7/blY/4FdOzI12CBy1vGc4og/eus0fw=="],
  }
}
